
Microsoft Visual Studio Solution File, Format Version 12.00
# Visual Studio Version 17
VisualStudioVersion = 17.5.002.0
MinimumVisualStudioVersion = 10.0.40219.1
Project("{9A19103F-16F7-4668-BE54-9A1E7A4F7556}") = "vazifa1", "vazifa1\vazifa1.csproj", "{33FF191E-5F74-4C71-A65D-35C52C185730}"
EndProject
Project("{9A19103F-16F7-4668-BE54-9A1E7A4F7556}") = "vazifa2", "vazifa2\vazifa2.csproj", "{00B9978F-2920-4BB5-BAA1-3301C7173CFE}"
EndProject
Project("{9A19103F-16F7-4668-BE54-9A1E7A4F7556}") = "vazifa3", "vazifa3\vazifa3.csproj", "{54CE80FA-BD60-4FE3-9467-84555622977D}"
EndProject
Project("{9A19103F-16F7-4668-BE54-9A1E7A4F7556}") = "vazifa4", "vazifa4\vazifa4.csproj", "{9C4A087F-8DB7-4ABE-AC47-128C6026A55A}"
EndProject
Project("{9A19103F-16F7-4668-BE54-9A1E7A4F7556}") = "vazifa5", "vazifa5\vazifa5.csproj", "{69E6D2A4-8118-4631-8D92-3834EA43D483}"
EndProject
Project("{9A19103F-16F7-4668-BE54-9A1E7A4F7556}") = "vazifa6", "vazifa6\vazifa6.csproj", "{52B933F2-C8DA-41D3-A84D-3D5DCE8796C0}"
EndProject
Project("{9A19103F-16F7-4668-BE54-9A1E7A4F7556}") = "vazifa7", "vazifa7\vazifa7.csproj", "{A4012B5F-ECA4-4070-ABF9-AF63A795C7EE}"
EndProject
Project("{2150E333-8FDC-42A3-9474-1A3956D46DE8}") = "1", "1", "{E8A1E81C-E992-43EC-9F6B-4954A83B2B65}"
EndProject
Project("{9A19103F-16F7-4668-BE54-9A1E7A4F7556}") = "task1", "1\task1\task1.csproj", "{AE17541F-01B3-46CC-B66A-A9675A582A42}"
EndProject
Project("{9A19103F-16F7-4668-BE54-9A1E7A4F7556}") = "task2", "1\task2\task2.csproj", "{916CDA09-C778-46FE-9D2A-127D3AEE5F56}"
EndProject
Project("{9A19103F-16F7-4668-BE54-9A1E7A4F7556}") = "task3", "1\task3\task3.csproj", "{CC2C98F9-D9C3-4C56-9FC6-1F9868898328}"
EndProject
Project("{9A19103F-16F7-4668-BE54-9A1E7A4F7556}") = "task4", "1\task4\task4.csproj", "{65A073AB-F59D-4741-AB2F-79909CEDC07A}"
EndProject
Project("{9A19103F-16F7-4668-BE54-9A1E7A4F7556}") = "task5", "1\task5\task5.csproj", "{1B1DB596-90E0-4A8F-8FA5-E4429DE99F72}"
EndProject
Project("{9A19103F-16F7-4668-BE54-9A1E7A4F7556}") = "task6", "1\task6\task6.csproj", "{5B7A1524-2B89-4814-AD3C-6546126E5126}"
EndProject
Project("{9A19103F-16F7-4668-BE54-9A1E7A4F7556}") = "task7", "1\task7\task7.csproj", "{4E074E4B-E9A9-4956-BA1B-793F46467047}"
EndProject
Global
	GlobalSection(SolutionConfigurationPlatforms) = preSolution
		Debug|Any CPU = Debug|Any CPU
		Release|Any CPU = Release|Any CPU
	EndGlobalSection
	GlobalSection(ProjectConfigurationPlatforms) = postSolution
		{33FF191E-5F74-4C71-A65D-35C52C185730}.Debug|Any CPU.ActiveCfg = Debug|Any CPU
		{33FF191E-5F74-4C71-A65D-35C52C185730}.Debug|Any CPU.Build.0 = Debug|Any CPU
		{33FF191E-5F74-4C71-A65D-35C52C185730}.Release|Any CPU.ActiveCfg = Release|Any CPU
		{33FF191E-5F74-4C71-A65D-35C52C185730}.Release|Any CPU.Build.0 = Release|Any CPU
		{00B9978F-2920-4BB5-BAA1-3301C7173CFE}.Debug|Any CPU.ActiveCfg = Debug|Any CPU
		{00B9978F-2920-4BB5-BAA1-3301C7173CFE}.Debug|Any CPU.Build.0 = Debug|Any CPU
		{00B9978F-2920-4BB5-BAA1-3301C7173CFE}.Release|Any CPU.ActiveCfg = Release|Any CPU
		{00B9978F-2920-4BB5-BAA1-3301C7173CFE}.Release|Any CPU.Build.0 = Release|Any CPU
		{54CE80FA-BD60-4FE3-9467-84555622977D}.Debug|Any CPU.ActiveCfg = Debug|Any CPU
		{54CE80FA-BD60-4FE3-9467-84555622977D}.Debug|Any CPU.Build.0 = Debug|Any CPU
		{54CE80FA-BD60-4FE3-9467-84555622977D}.Release|Any CPU.ActiveCfg = Release|Any CPU
		{54CE80FA-BD60-4FE3-9467-84555622977D}.Release|Any CPU.Build.0 = Release|Any CPU
		{9C4A087F-8DB7-4ABE-AC47-128C6026A55A}.Debug|Any CPU.ActiveCfg = Debug|Any CPU
		{9C4A087F-8DB7-4ABE-AC47-128C6026A55A}.Debug|Any CPU.Build.0 = Debug|Any CPU
		{9C4A087F-8DB7-4ABE-AC47-128C6026A55A}.Release|Any CPU.ActiveCfg = Release|Any CPU
		{9C4A087F-8DB7-4ABE-AC47-128C6026A55A}.Release|Any CPU.Build.0 = Release|Any CPU
		{69E6D2A4-8118-4631-8D92-3834EA43D483}.Debug|Any CPU.ActiveCfg = Debug|Any CPU
		{69E6D2A4-8118-4631-8D92-3834EA43D483}.Debug|Any CPU.Build.0 = Debug|Any CPU
		{69E6D2A4-8118-4631-8D92-3834EA43D483}.Release|Any CPU.ActiveCfg = Release|Any CPU
		{69E6D2A4-8118-4631-8D92-3834EA43D483}.Release|Any CPU.Build.0 = Release|Any CPU
		{52B933F2-C8DA-41D3-A84D-3D5DCE8796C0}.Debug|Any CPU.ActiveCfg = Debug|Any CPU
		{52B933F2-C8DA-41D3-A84D-3D5DCE8796C0}.Debug|Any CPU.Build.0 = Debug|Any CPU
		{52B933F2-C8DA-41D3-A84D-3D5DCE8796C0}.Release|Any CPU.ActiveCfg = Release|Any CPU
		{52B933F2-C8DA-41D3-A84D-3D5DCE8796C0}.Release|Any CPU.Build.0 = Release|Any CPU
		{A4012B5F-ECA4-4070-ABF9-AF63A795C7EE}.Debug|Any CPU.ActiveCfg = Debug|Any CPU
		{A4012B5F-ECA4-4070-ABF9-AF63A795C7EE}.Debug|Any CPU.Build.0 = Debug|Any CPU
		{A4012B5F-ECA4-4070-ABF9-AF63A795C7EE}.Release|Any CPU.ActiveCfg = Release|Any CPU
		{A4012B5F-ECA4-4070-ABF9-AF63A795C7EE}.Release|Any CPU.Build.0 = Release|Any CPU
		{AE17541F-01B3-46CC-B66A-A9675A582A42}.Debug|Any CPU.ActiveCfg = Debug|Any CPU
		{AE17541F-01B3-46CC-B66A-A9675A582A42}.Debug|Any CPU.Build.0 = Debug|Any CPU
		{AE17541F-01B3-46CC-B66A-A9675A582A42}.Release|Any CPU.ActiveCfg = Release|Any CPU
		{AE17541F-01B3-46CC-B66A-A9675A582A42}.Release|Any CPU.Build.0 = Release|Any CPU
		{916CDA09-C778-46FE-9D2A-127D3AEE5F56}.Debug|Any CPU.ActiveCfg = Debug|Any CPU
		{916CDA09-C778-46FE-9D2A-127D3AEE5F56}.Debug|Any CPU.Build.0 = Debug|Any CPU
		{916CDA09-C778-46FE-9D2A-127D3AEE5F56}.Release|Any CPU.ActiveCfg = Release|Any CPU
		{916CDA09-C778-46FE-9D2A-127D3AEE5F56}.Release|Any CPU.Build.0 = Release|Any CPU
		{CC2C98F9-D9C3-4C56-9FC6-1F9868898328}.Debug|Any CPU.ActiveCfg = Debug|Any CPU
		{CC2C98F9-D9C3-4C56-9FC6-1F9868898328}.Debug|Any CPU.Build.0 = Debug|Any CPU
		{CC2C98F9-D9C3-4C56-9FC6-1F9868898328}.Release|Any CPU.ActiveCfg = Release|Any CPU
		{CC2C98F9-D9C3-4C56-9FC6-1F9868898328}.Release|Any CPU.Build.0 = Release|Any CPU
		{65A073AB-F59D-4741-AB2F-79909CEDC07A}.Debug|Any CPU.ActiveCfg = Debug|Any CPU
		{65A073AB-F59D-4741-AB2F-79909CEDC07A}.Debug|Any CPU.Build.0 = Debug|Any CPU
		{65A073AB-F59D-4741-AB2F-79909CEDC07A}.Release|Any CPU.ActiveCfg = Release|Any CPU
		{65A073AB-F59D-4741-AB2F-79909CEDC07A}.Release|Any CPU.Build.0 = Release|Any CPU
		{1B1DB596-90E0-4A8F-8FA5-E4429DE99F72}.Debug|Any CPU.ActiveCfg = Debug|Any CPU
		{1B1DB596-90E0-4A8F-8FA5-E4429DE99F72}.Debug|Any CPU.Build.0 = Debug|Any CPU
		{1B1DB596-90E0-4A8F-8FA5-E4429DE99F72}.Release|Any CPU.ActiveCfg = Release|Any CPU
		{1B1DB596-90E0-4A8F-8FA5-E4429DE99F72}.Release|Any CPU.Build.0 = Release|Any CPU
		{5B7A1524-2B89-4814-AD3C-6546126E5126}.Debug|Any CPU.ActiveCfg = Debug|Any CPU
		{5B7A1524-2B89-4814-AD3C-6546126E5126}.Debug|Any CPU.Build.0 = Debug|Any CPU
		{5B7A1524-2B89-4814-AD3C-6546126E5126}.Release|Any CPU.ActiveCfg = Release|Any CPU
		{5B7A1524-2B89-4814-AD3C-6546126E5126}.Release|Any CPU.Build.0 = Release|Any CPU
		{4E074E4B-E9A9-4956-BA1B-793F46467047}.Debug|Any CPU.ActiveCfg = Debug|Any CPU
		{4E074E4B-E9A9-4956-BA1B-793F46467047}.Debug|Any CPU.Build.0 = Debug|Any CPU
		{4E074E4B-E9A9-4956-BA1B-793F46467047}.Release|Any CPU.ActiveCfg = Release|Any CPU
		{4E074E4B-E9A9-4956-BA1B-793F46467047}.Release|Any CPU.Build.0 = Release|Any CPU
	EndGlobalSection
	GlobalSection(SolutionProperties) = preSolution
		HideSolutionNode = FALSE
	EndGlobalSection
	GlobalSection(NestedProjects) = preSolution
		{AE17541F-01B3-46CC-B66A-A9675A582A42} = {E8A1E81C-E992-43EC-9F6B-4954A83B2B65}
		{916CDA09-C778-46FE-9D2A-127D3AEE5F56} = {E8A1E81C-E992-43EC-9F6B-4954A83B2B65}
		{CC2C98F9-D9C3-4C56-9FC6-1F9868898328} = {E8A1E81C-E992-43EC-9F6B-4954A83B2B65}
		{65A073AB-F59D-4741-AB2F-79909CEDC07A} = {E8A1E81C-E992-43EC-9F6B-4954A83B2B65}
		{1B1DB596-90E0-4A8F-8FA5-E4429DE99F72} = {E8A1E81C-E992-43EC-9F6B-4954A83B2B65}
		{5B7A1524-2B89-4814-AD3C-6546126E5126} = {E8A1E81C-E992-43EC-9F6B-4954A83B2B65}
		{4E074E4B-E9A9-4956-BA1B-793F46467047} = {E8A1E81C-E992-43EC-9F6B-4954A83B2B65}
	EndGlobalSection
	GlobalSection(ExtensibilityGlobals) = postSolution
		SolutionGuid = {29CD2A6D-2302-41A7-88BD-8B43ABE7678A}
	EndGlobalSection
EndGlobal
